// !$*UTF8*$!
{
	archiveVersion = 1;
	classes = {
	};
	objectVersion = 50;
	objects = {

/* Begin PBXBuildFile section */
		260EB97A24F9021100F7BA64 /* ProtectedDataIOS.m in Sources */ = {isa = PBXBuildFile; fileRef = 260EB97924F9021100F7BA64 /* ProtectedDataIOS.m */; };
		260EB97B24F9021100F7BA64 /* ProtectedDataIOS.h in CopyFiles */ = {isa = PBXBuildFile; fileRef = 260EB97824F9021100F7BA64 /* ProtectedDataIOS.h */; };
		39A30A888121BC442D2F2E44 /* libPods-ProtectedDataIOS.a in Frameworks */ = {isa = PBXBuildFile; fileRef = 143B3FCF0B8991222CAF4F16 /* libPods-ProtectedDataIOS.a */; };
/* End PBXBuildFile section */

/* Begin PBXCopyFilesBuildPhase section */
		260EB97324F9021100F7BA64 /* CopyFiles */ = {
			isa = PBXCopyFilesBuildPhase;
			buildActionMask = 2147483647;
			dstPath = "include/$(PRODUCT_NAME)";
			dstSubfolderSpec = 16;
			files = (
				260EB97B24F9021100F7BA64 /* ProtectedDataIOS.h in CopyFiles */,
			);
			runOnlyForDeploymentPostprocessing = 0;
		};
/* End PBXCopyFilesBuildPhase section */

/* Begin PBXFileReference section */
		143B3FCF0B8991222CAF4F16 /* libPods-ProtectedDataIOS.a */ = {isa = PBXFileReference; explicitFileType = archive.ar; includeInIndex = 0; path = "libPods-ProtectedDataIOS.a"; sourceTree = BUILT_PRODUCTS_DIR; };
		260EB97524F9021100F7BA64 /* libProtectedDataIOS.a */ = {isa = PBXFileReference; explicitFileType = archive.ar; includeInIndex = 0; path = libProtectedDataIOS.a; sourceTree = BUILT_PRODUCTS_DIR; };
		260EB97824F9021100F7BA64 /* ProtectedDataIOS.h */ = {isa = PBXFileReference; lastKnownFileType = sourcecode.c.h; path = ProtectedDataIOS.h; sourceTree = "<group>"; };
		260EB97924F9021100F7BA64 /* ProtectedDataIOS.m */ = {isa = PBXFileReference; lastKnownFileType = sourcecode.c.objc; path = ProtectedDataIOS.m; sourceTree = "<group>"; };
		C2B9BFD8859195CEAC94DBAE /* Pods-ProtectedDataIOS.debug.xcconfig */ = {isa = PBXFileReference; includeInIndex = 1; lastKnownFileType = text.xcconfig; name = "Pods-ProtectedDataIOS.debug.xcconfig"; path = "Target Support Files/Pods-ProtectedDataIOS/Pods-ProtectedDataIOS.debug.xcconfig"; sourceTree = "<group>"; };
		ECE7A763FB3521D5773EB631 /* Pods-ProtectedDataIOS.release.xcconfig */ = {isa = PBXFileReference; includeInIndex = 1; lastKnownFileType = text.xcconfig; name = "Pods-ProtectedDataIOS.release.xcconfig"; path = "Target Support Files/Pods-ProtectedDataIOS/Pods-ProtectedDataIOS.release.xcconfig"; sourceTree = "<group>"; };
/* End PBXFileReference section */

/* Begin PBXFrameworksBuildPhase section */
		260EB97224F9021100F7BA64 /* Frameworks */ = {
			isa = PBXFrameworksBuildPhase;
			buildActionMask = 2147483647;
			files = (
				39A30A888121BC442D2F2E44 /* libPods-ProtectedDataIOS.a in Frameworks */,
			);
			runOnlyForDeploymentPostprocessing = 0;
		};
/* End PBXFrameworksBuildPhase section */

/* Begin PBXGroup section */
		260EB96C24F9021100F7BA64 = {
			isa = PBXGroup;
			children = (
				260EB97724F9021100F7BA64 /* ProtectedDataIOS */,
				260EB97624F9021100F7BA64 /* Products */,
				474B3547E80A550EEC101D4A /* Pods */,
				63117A9A757E040880D99572 /* Frameworks */,
			);
			sourceTree = "<group>";
		};
		260EB97624F9021100F7BA64 /* Products */ = {
			isa = PBXGroup;
			children = (
				260EB97524F9021100F7BA64 /* libProtectedDataIOS.a */,
			);
			name = Products;
			sourceTree = "<group>";
		};
		260EB97724F9021100F7BA64 /* ProtectedDataIOS */ = {
			isa = PBXGroup;
			children = (
				260EB97824F9021100F7BA64 /* ProtectedDataIOS.h */,
				260EB97924F9021100F7BA64 /* ProtectedDataIOS.m */,
			);
			path = ProtectedDataIOS;
			sourceTree = "<group>";
		};
		474B3547E80A550EEC101D4A /* Pods */ = {
			isa = PBXGroup;
			children = (
				C2B9BFD8859195CEAC94DBAE /* Pods-ProtectedDataIOS.debug.xcconfig */,
				ECE7A763FB3521D5773EB631 /* Pods-ProtectedDataIOS.release.xcconfig */,
			);
			name = Pods;
			path = ../Pods;
			sourceTree = "<group>";
		};
		63117A9A757E040880D99572 /* Frameworks */ = {
			isa = PBXGroup;
			children = (
				143B3FCF0B8991222CAF4F16 /* libPods-ProtectedDataIOS.a */,
			);
			name = Frameworks;
			sourceTree = "<group>";
		};
/* End PBXGroup section */

/* Begin PBXNativeTarget section */
		260EB97424F9021100F7BA64 /* ProtectedDataIOS */ = {
			isa = PBXNativeTarget;
			buildConfigurationList = 260EB97E24F9021100F7BA64 /* Build configuration list for PBXNativeTarget "ProtectedDataIOS" */;
			buildPhases = (
				BB44E9BEBB4530271599DBEA /* [CP] Check Pods Manifest.lock */,
				260EB97124F9021100F7BA64 /* Sources */,
				260EB97224F9021100F7BA64 /* Frameworks */,
				260EB97324F9021100F7BA64 /* CopyFiles */,
			);
			buildRules = (
			);
			dependencies = (
			);
			name = ProtectedDataIOS;
			productName = ProtectedDataIOS;
			productReference = 260EB97524F9021100F7BA64 /* libProtectedDataIOS.a */;
			productType = "com.apple.product-type.library.static";
		};
/* End PBXNativeTarget section */

/* Begin PBXProject section */
		260EB96D24F9021100F7BA64 /* Project object */ = {
			isa = PBXProject;
			attributes = {
				LastUpgradeCheck = 1160;
				ORGANIZATIONNAME = "Gboyega Dada";
				TargetAttributes = {
					260EB97424F9021100F7BA64 = {
						CreatedOnToolsVersion = 11.6;
					};
				};
			};
			buildConfigurationList = 260EB97024F9021100F7BA64 /* Build configuration list for PBXProject "ProtectedDataIOS" */;
			compatibilityVersion = "Xcode 9.3";
			developmentRegion = en;
			hasScannedForEncodings = 0;
			knownRegions = (
				en,
				Base,
			);
			mainGroup = 260EB96C24F9021100F7BA64;
			productRefGroup = 260EB97624F9021100F7BA64 /* Products */;
			projectDirPath = "";
			projectRoot = "";
			targets = (
				260EB97424F9021100F7BA64 /* ProtectedDataIOS */,
			);
		};
/* End PBXProject section */

/* Begin PBXShellScriptBuildPhase section */
		BB44E9BEBB4530271599DBEA /* [CP] Check Pods Manifest.lock */ = {
			isa = PBXShellScriptBuildPhase;
			buildActionMask = 2147483647;
			files = (
			);
			inputFileListPaths = (
			);
			inputPaths = (
				"${PODS_PODFILE_DIR_PATH}/Podfile.lock",
				"${PODS_ROOT}/Manifest.lock",
			);
			name = "[CP] Check Pods Manifest.lock";
			outputFileListPaths = (
			);
			outputPaths = (
				"$(DERIVED_FILE_DIR)/Pods-ProtectedDataIOS-checkManifestLockResult.txt",
			);
			runOnlyForDeploymentPostprocessing = 0;
			shellPath = /bin/sh;
			shellScript = "diff \"${PODS_PODFILE_DIR_PATH}/Podfile.lock\" \"${PODS_ROOT}/Manifest.lock\" > /dev/null\nif [ $? != 0 ] ; then\n    # print error to STDERR\n    echo \"error: The sandbox is not in sync with the Podfile.lock. Run 'pod install' or update your CocoaPods installation.\" >&2\n    exit 1\nfi\n# This output is used by Xcode 'outputs' to avoid re-running this script phase.\necho \"SUCCESS\" > \"${SCRIPT_OUTPUT_FILE_0}\"\n";
			showEnvVarsInLog = 0;
		};
/* End PBXShellScriptBuildPhase section */

/* Begin PBXSourcesBuildPhase section */
		260EB97124F9021100F7BA64 /* Sources */ = {
			isa = PBXSourcesBuildPhase;
			buildActionMask = 2147483647;
			files = (
				260EB97A24F9021100F7BA64 /* ProtectedDataIOS.m in Sources */,
			);
			runOnlyForDeploymentPostprocessing = 0;
		};
/* End PBXSourcesBuildPhase section */

/* Begin XCBuildConfiguration section */
		260EB97C24F9021100F7BA64 /* Debug */ = {
			isa = XCBuildConfiguration;
			buildSettings = {
				ALWAYS_SEARCH_USER_PATHS = NO;
				CLANG_ANALYZER_NONNULL = YES;
				CLANG_ANALYZER_NUMBER_OBJECT_CONVERSION = YES_AGGRESSIVE;
				CLANG_CXX_LANGUAGE_STANDARD = "gnu++14";
				CLANG_CXX_LIBRARY = "libc++";
				CLANG_ENABLE_MODULES = YES;
				CLANG_ENABLE_OBJC_ARC = YES;
				CLANG_ENABLE_OBJC_WEAK = YES;
				CLANG_WARN_BLOCK_CAPTURE_AUTORELEASING = YES;
				CLANG_WARN_BOOL_CONVERSION = YES;
				CLANG_WARN_COMMA = YES;
				CLANG_WARN_CONSTANT_CONVERSION = YES;
				CLANG_WARN_DEPRECATED_OBJC_IMPLEMENTATIONS = YES;
				CLANG_WARN_DIRECT_OBJC_ISA_USAGE = YES_ERROR;
				CLANG_WARN_DOCUMENTATION_COMMENTS = YES;
				CLANG_WARN_EMPTY_BODY = YES;
				CLANG_WARN_ENUM_CONVERSION = YES;
				CLANG_WARN_INFINITE_RECURSION = YES;
				CLANG_WARN_INT_CONVERSION = YES;
				CLANG_WARN_NON_LITERAL_NULL_CONVERSION = YES;
				CLANG_WARN_OBJC_IMPLICIT_RETAIN_SELF = YES;
				CLANG_WARN_OBJC_LITERAL_CONVERSION = YES;
				CLANG_WARN_OBJC_ROOT_CLASS = YES_ERROR;
				CLANG_WARN_RANGE_LOOP_ANALYSIS = YES;
				CLANG_WARN_STRICT_PROTOTYPES = YES;
				CLANG_WARN_SUSPICIOUS_MOVE = YES;
				CLANG_WARN_UNGUARDED_AVAILABILITY = YES_AGGRESSIVE;
				CLANG_WARN_UNREACHABLE_CODE = YES;
				CLANG_WARN__DUPLICATE_METHOD_MATCH = YES;
				COPY_PHASE_STRIP = NO;
				DEBUG_INFORMATION_FORMAT = dwarf;
				ENABLE_STRICT_OBJC_MSGSEND = YES;
				ENABLE_TESTABILITY = YES;
				GCC_C_LANGUAGE_STANDARD = gnu11;
				GCC_DYNAMIC_NO_PIC = NO;
				GCC_NO_COMMON_BLOCKS = YES;
				GCC_OPTIMIZATION_LEVEL = 0;
				GCC_PREPROCESSOR_DEFINITIONS = (
					"DEBUG=1",
					"$(inherited)",
				);
				GCC_WARN_64_TO_32_BIT_CONVERSION = YES;
				GCC_WARN_ABOUT_RETURN_TYPE = YES_ERROR;
				GCC_WARN_UNDECLARED_SELECTOR = YES;
				GCC_WARN_UNINITIALIZED_AUTOS = YES_AGGRESSIVE;
				GCC_WARN_UNUSED_FUNCTION = YES;
				GCC_WARN_UNUSED_VARIABLE = YES;
				IPHONEOS_DEPLOYMENT_TARGET = 13.6;
				MTL_ENABLE_DEBUG_INFO = INCLUDE_SOURCE;
				MTL_FAST_MATH = YES;
				ONLY_ACTIVE_ARCH = YES;
				SDKROOT = iphoneos;
			};
			name = Debug;
		};
		260EB97D24F9021100F7BA64 /* Release */ = {
			isa = XCBuildConfiguration;
			buildSettings = {
				ALWAYS_SEARCH_USER_PATHS = NO;
				CLANG_ANALYZER_NONNULL = YES;
				CLANG_ANALYZER_NUMBER_OBJECT_CONVERSION = YES_AGGRESSIVE;
				CLANG_CXX_LANGUAGE_STANDARD = "gnu++14";
				CLANG_CXX_LIBRARY = "libc++";
				CLANG_ENABLE_MODULES = YES;
				CLANG_ENABLE_OBJC_ARC = YES;
				CLANG_ENABLE_OBJC_WEAK = YES;
				CLANG_WARN_BLOCK_CAPTURE_AUTORELEASING = YES;
				CLANG_WARN_BOOL_CONVERSION = YES;
				CLANG_WARN_COMMA = YES;
				CLANG_WARN_CONSTANT_CONVERSION = YES;
				CLANG_WARN_DEPRECATED_OBJC_IMPLEMENTATIONS = YES;
				CLANG_WARN_DIRECT_OBJC_ISA_USAGE = YES_ERROR;
				CLANG_WARN_DOCUMENTATION_COMMENTS = YES;
				CLANG_WARN_EMPTY_BODY = YES;
				CLANG_WARN_ENUM_CONVERSION = YES;
				CLANG_WARN_INFINITE_RECURSION = YES;
				CLANG_WARN_INT_CONVERSION = YES;
				CLANG_WARN_NON_LITERAL_NULL_CONVERSION = YES;
				CLANG_WARN_OBJC_IMPLICIT_RETAIN_SELF = YES;
				CLANG_WARN_OBJC_LITERAL_CONVERSION = YES;
				CLANG_WARN_OBJC_ROOT_CLASS = YES_ERROR;
				CLANG_WARN_RANGE_LOOP_ANALYSIS = YES;
				CLANG_WARN_STRICT_PROTOTYPES = YES;
				CLANG_WARN_SUSPICIOUS_MOVE = YES;
				CLANG_WARN_UNGUARDED_AVAILABILITY = YES_AGGRESSIVE;
				CLANG_WARN_UNREACHABLE_CODE = YES;
				CLANG_WARN__DUPLICATE_METHOD_MATCH = YES;
				COPY_PHASE_STRIP = NO;
				DEBUG_INFORMATION_FORMAT = "dwarf-with-dsym";
				ENABLE_NS_ASSERTIONS = NO;
				ENABLE_STRICT_OBJC_MSGSEND = YES;
				GCC_C_LANGUAGE_STANDARD = gnu11;
				GCC_NO_COMMON_BLOCKS = YES;
				GCC_WARN_64_TO_32_BIT_CONVERSION = YES;
				GCC_WARN_ABOUT_RETURN_TYPE = YES_ERROR;
				GCC_WARN_UNDECLARED_SELECTOR = YES;
				GCC_WARN_UNINITIALIZED_AUTOS = YES_AGGRESSIVE;
				GCC_WARN_UNUSED_FUNCTION = YES;
				GCC_WARN_UNUSED_VARIABLE = YES;
				IPHONEOS_DEPLOYMENT_TARGET = 13.6;
				MTL_ENABLE_DEBUG_INFO = NO;
				MTL_FAST_MATH = YES;
				SDKROOT = iphoneos;
				VALIDATE_PRODUCT = YES;
			};
			name = Release;
		};
		260EB97F24F9021100F7BA64 /* Debug */ = {
			isa = XCBuildConfiguration;
			baseConfigurationReference = C2B9BFD8859195CEAC94DBAE /* Pods-ProtectedDataIOS.debug.xcconfig */;
			buildSettings = {
				CODE_SIGN_STYLE = Automatic;
				DEVELOPMENT_TEAM = YLLAWWCF86;
				OTHER_LDFLAGS = "-ObjC";
				PRODUCT_NAME = "$(TARGET_NAME)";
				SKIP_INSTALL = YES;
				TARGETED_DEVICE_FAMILY = "1,2";
			};
			name = Debug;
		};
		260EB98024F9021100F7BA64 /* Release */ = {
			isa = XCBuildConfiguration;
			baseConfigurationReference = ECE7A763FB3521D5773EB631 /* Pods-ProtectedDataIOS.release.xcconfig */;
			buildSettings = {
				CODE_SIGN_STYLE = Automatic;
				DEVELOPMENT_TEAM = YLLAWWCF86;
				OTHER_LDFLAGS = "-ObjC";
				PRODUCT_NAME = "$(TARGET_NAME)";
				SKIP_INSTALL = YES;
				TARGETED_DEVICE_FAMILY = "1,2";
			};
			name = Release;
		};
/* End XCBuildConfiguration section */

/* Begin XCConfigurationList section */
		260EB97024F9021100F7BA64 /* Build configuration list for PBXProject "ProtectedDataIOS" */ = {
			isa = XCConfigurationList;
			buildConfigurations = (
				260EB97C24F9021100F7BA64 /* Debug */,
				260EB97D24F9021100F7BA64 /* Release */,
			);
			defaultConfigurationIsVisible = 0;
			defaultConfigurationName = Release;
		};
		260EB97E24F9021100F7BA64 /* Build configuration list for PBXNativeTarget "ProtectedDataIOS" */ = {
			isa = XCConfigurationList;
			buildConfigurations = (
				260EB97F24F9021100F7BA64 /* Debug */,
				260EB98024F9021100F7BA64 /* Release */,
			);
			defaultConfigurationIsVisible = 0;
			defaultConfigurationName = Release;
		};
/* End XCConfigurationList section */
	};
	rootObject = 260EB96D24F9021100F7BA64 /* Project object */;
}
