// !$*UTF8*$!
{
	archiveVersion = 1;
	classes = {
	};
	objectVersion = 50;
	objects = {

/* Begin PBXFileReference section */
		2608D42824F7A4A000865E81 /* RNCProtectedData.h */ = {isa = PBXFileReference; lastKnownFileType = sourcecode.c.h; path = RNCProtectedData.h; sourceTree = "<group>"; };
		2608D42A24F7A58C00865E81 /* RNCProtectedData.m */ = {isa = PBXFileReference; lastKnownFileType = sourcecode.c.objc; path = RNCProtectedData.m; sourceTree = "<group>"; };
/* End PBXFileReference section */

/* Begin PBXGroup section */
		2608D42024F7A3CA00865E81 = {
			isa = PBXGroup;
			children = (
				2608D42724F7A41100865E81 /* ProtectedData */,
			);
			sourceTree = "<group>";
		};
		2608D42724F7A41100865E81 /* ProtectedData */ = {
			isa = PBXGroup;
			children = (
				2608D42824F7A4A000865E81 /* RNCProtectedData.h */,
				2608D42A24F7A58C00865E81 /* RNCProtectedData.m */,
			);
			path = ProtectedData;
			sourceTree = "<group>";
		};
/* End PBXGroup section */

/* Begin PBXProject section */
		2608D42124F7A3CA00865E81 /* Project object */ = {
			isa = PBXProject;
			attributes = {
				LastUpgradeCheck = 1160;
			};
			buildConfigurationList = 2608D42424F7A3CA00865E81 /* Build configuration list for PBXProject "ProtectedData" */;
			compatibilityVersion = "Xcode 9.3";
			developmentRegion = en;
			hasScannedForEncodings = 0;
			knownRegions = (
				en,
				Base,
			);
			mainGroup = 2608D42024F7A3CA00865E81;
			projectDirPath = "";
			projectRoot = "";
			targets = (
			);
		};
/* End PBXProject section */

/* Begin XCBuildConfiguration section */
		2608D42524F7A3CA00865E81 /* Debug */ = {
			isa = XCBuildConfiguration;
			buildSettings = {
			};
			name = Debug;
		};
		2608D42624F7A3CA00865E81 /* Release */ = {
			isa = XCBuildConfiguration;
			buildSettings = {
			};
			name = Release;
		};
/* End XCBuildConfiguration section */

/* Begin XCConfigurationList section */
		2608D42424F7A3CA00865E81 /* Build configuration list for PBXProject "ProtectedData" */ = {
			isa = XCConfigurationList;
			buildConfigurations = (
				2608D42524F7A3CA00865E81 /* Debug */,
				2608D42624F7A3CA00865E81 /* Release */,
			);
			defaultConfigurationIsVisible = 0;
			defaultConfigurationName = Release;
		};
/* End XCConfigurationList section */
	};
	rootObject = 2608D42124F7A3CA00865E81 /* Project object */;
}
